
Microsoft Visual Studio Solution File, Format Version 12.00
# Visual Studio 15
VisualStudioVersion = 15.0.28010.2019
MinimumVisualStudioVersion = 10.0.40219.1
Project("{2150E333-8FDC-42A3-9474-1A3956D46DE8}") = "Solution Items", "Solution Items", "{5E2CB3F8-355F-4AD4-ABCF-5717BE652696}"
	ProjectSection(SolutionItems) = preProject
		HTMLPage1.html = HTMLPage1.html
	EndProjectSection
EndProject
Global
	GlobalSection(SolutionProperties) = preSolution
		HideSolutionNode = FALSE
	EndGlobalSection
	GlobalSection(ExtensibilityGlobals) = postSolution
		SolutionGuid = {CBF5B92A-0633-4EF1-B18D-AA570C927BF3}
	EndGlobalSection
EndGlobal
